// !$*UTF8*$!
{
	archiveVersion = 1;
	classes = {
	};
	objectVersion = 46;
	objects = {

/* Begin PBXBuildFile section */
		00DF25E71890183E00C8D542 /* main.cpp in Sources */ = {isa = PBXBuildFile; fileRef = 00DF25E61890183E00C8D542 /* main.cpp */; };
		00DF25EA1890183E00C8D542 /* cute_image.jpg in Resources */ = {isa = PBXBuildFile; fileRef = 00DF25E91890183E00C8D542 /* cute_image.jpg */; };
		00DF25EC1890183E00C8D542 /* nice_music.ogg in Resources */ = {isa = PBXBuildFile; fileRef = 00DF25EB1890183E00C8D542 /* nice_music.ogg */; };
		00DF25EE1890183E00C8D542 /* sansation.ttf in Resources */ = {isa = PBXBuildFile; fileRef = 00DF25ED1890183E00C8D542 /* sansation.ttf */; };
		00DF25F01890183E00C8D542 /* icon.png in Resources */ = {isa = PBXBuildFile; fileRef = 00DF25EF1890183E00C8D542 /* icon.png */; };
		00DF25F718901A4F00C8D542 /* CoreFoundation.framework in Frameworks */ = {isa = PBXBuildFile; fileRef = 00DF25F618901A4F00C8D542 /* CoreFoundation.framework */; };
		00DF25FE18901A9900C8D542 /* sfml-audio.framework in Frameworks */ = {isa = PBXBuildFile; fileRef = 00DF25F818901A9900C8D542 /* sfml-audio.framework */; };
		00DF25FF18901A9900C8D542 /* sfml-graphics.framework in Frameworks */ = {isa = PBXBuildFile; fileRef = 00DF25F918901A9900C8D542 /* sfml-graphics.framework */; };
		00DF260018901A9900C8D542 /* sfml-network.framework in Frameworks */ = {isa = PBXBuildFile; fileRef = 00DF25FA18901A9900C8D542 /* sfml-network.framework */; };
		00DF260118901A9900C8D542 /* sfml-system.framework in Frameworks */ = {isa = PBXBuildFile; fileRef = 00DF25FB18901A9900C8D542 /* sfml-system.framework */; };
		00DF260218901A9900C8D542 /* sfml-window.framework in Frameworks */ = {isa = PBXBuildFile; fileRef = 00DF25FC18901A9900C8D542 /* sfml-window.framework */; };
		00DF260318901A9900C8D542 /* SFML.framework in Frameworks */ = {isa = PBXBuildFile; fileRef = 00DF25FD18901A9900C8D542 /* SFML.framework */; };
		00DF260F18915F0300C8D542 /* CreditState.cpp in Sources */ = {isa = PBXBuildFile; fileRef = 00DF260418915F0300C8D542 /* CreditState.cpp */; };
		00DF261018915F0300C8D542 /* GameState.cpp in Sources */ = {isa = PBXBuildFile; fileRef = 00DF260618915F0300C8D542 /* GameState.cpp */; };
		00DF261118915F0300C8D542 /* OptionsState.cpp in Sources */ = {isa = PBXBuildFile; fileRef = 00DF260818915F0300C8D542 /* OptionsState.cpp */; };
		00DF261218915F0300C8D542 /* StartMenuState.cpp in Sources */ = {isa = PBXBuildFile; fileRef = 00DF260A18915F0300C8D542 /* StartMenuState.cpp */; };
		00DF261318915F0300C8D542 /* StateManager.cpp in Sources */ = {isa = PBXBuildFile; fileRef = 00DF260D18915F0300C8D542 /* StateManager.cpp */; };
		00DF26161891610F00C8D542 /* State.cpp in Sources */ = {isa = PBXBuildFile; fileRef = 00DF26151891610F00C8D542 /* State.cpp */; };
		00DF261818916A2900C8D542 /* Engine.cpp in Sources */ = {isa = PBXBuildFile; fileRef = 00DF261718916A2900C8D542 /* Engine.cpp */; };
/* End PBXBuildFile section */

/* Begin PBXFileReference section */
		00DF25DE1890183E00C8D542 /* Escape_V2.app */ = {isa = PBXFileReference; explicitFileType = wrapper.application; includeInIndex = 0; path = Escape_V2.app; sourceTree = BUILT_PRODUCTS_DIR; };
		00DF25E21890183E00C8D542 /* Escape_V2-Info.plist */ = {isa = PBXFileReference; lastKnownFileType = text.plist.xml; path = "Escape_V2-Info.plist"; sourceTree = "<group>"; };
		00DF25E61890183E00C8D542 /* main.cpp */ = {isa = PBXFileReference; lastKnownFileType = sourcecode.cpp.cpp; path = main.cpp; sourceTree = "<group>"; };
		00DF25E91890183E00C8D542 /* cute_image.jpg */ = {isa = PBXFileReference; lastKnownFileType = image.jpeg; path = cute_image.jpg; sourceTree = "<group>"; };
		00DF25EB1890183E00C8D542 /* nice_music.ogg */ = {isa = PBXFileReference; lastKnownFileType = file; path = nice_music.ogg; sourceTree = "<group>"; };
		00DF25ED1890183E00C8D542 /* sansation.ttf */ = {isa = PBXFileReference; lastKnownFileType = file; path = sansation.ttf; sourceTree = "<group>"; };
		00DF25EF1890183E00C8D542 /* icon.png */ = {isa = PBXFileReference; lastKnownFileType = image.png; path = icon.png; sourceTree = "<group>"; };
		00DF25F618901A4F00C8D542 /* CoreFoundation.framework */ = {isa = PBXFileReference; lastKnownFileType = wrapper.framework; name = CoreFoundation.framework; path = System/Library/Frameworks/CoreFoundation.framework; sourceTree = SDKROOT; };
		00DF25F818901A9900C8D542 /* sfml-audio.framework */ = {isa = PBXFileReference; lastKnownFileType = wrapper.framework; name = "sfml-audio.framework"; path = "../../../../../../../Library/Frameworks/sfml-audio.framework"; sourceTree = "<group>"; };
		00DF25F918901A9900C8D542 /* sfml-graphics.framework */ = {isa = PBXFileReference; lastKnownFileType = wrapper.framework; name = "sfml-graphics.framework"; path = "../../../../../../../Library/Frameworks/sfml-graphics.framework"; sourceTree = "<group>"; };
		00DF25FA18901A9900C8D542 /* sfml-network.framework */ = {isa = PBXFileReference; lastKnownFileType = wrapper.framework; name = "sfml-network.framework"; path = "../../../../../../../Library/Frameworks/sfml-network.framework"; sourceTree = "<group>"; };
		00DF25FB18901A9900C8D542 /* sfml-system.framework */ = {isa = PBXFileReference; lastKnownFileType = wrapper.framework; name = "sfml-system.framework"; path = "../../../../../../../Library/Frameworks/sfml-system.framework"; sourceTree = "<group>"; };
		00DF25FC18901A9900C8D542 /* sfml-window.framework */ = {isa = PBXFileReference; lastKnownFileType = wrapper.framework; name = "sfml-window.framework"; path = "../../../../../../../Library/Frameworks/sfml-window.framework"; sourceTree = "<group>"; };
		00DF25FD18901A9900C8D542 /* SFML.framework */ = {isa = PBXFileReference; lastKnownFileType = wrapper.framework; name = SFML.framework; path = ../../../../../../../Library/Frameworks/SFML.framework; sourceTree = "<group>"; };
		00DF260418915F0300C8D542 /* CreditState.cpp */ = {isa = PBXFileReference; fileEncoding = 4; lastKnownFileType = sourcecode.cpp.cpp; path = CreditState.cpp; sourceTree = "<group>"; };
		00DF260518915F0300C8D542 /* CreditState.h */ = {isa = PBXFileReference; fileEncoding = 4; lastKnownFileType = sourcecode.c.h; path = CreditState.h; sourceTree = "<group>"; };
		00DF260618915F0300C8D542 /* GameState.cpp */ = {isa = PBXFileReference; fileEncoding = 4; lastKnownFileType = sourcecode.cpp.cpp; path = GameState.cpp; sourceTree = "<group>"; };
		00DF260718915F0300C8D542 /* GameState.h */ = {isa = PBXFileReference; fileEncoding = 4; lastKnownFileType = sourcecode.c.h; path = GameState.h; sourceTree = "<group>"; };
		00DF260818915F0300C8D542 /* OptionsState.cpp */ = {isa = PBXFileReference; fileEncoding = 4; lastKnownFileType = sourcecode.cpp.cpp; path = OptionsState.cpp; sourceTree = "<group>"; };
		00DF260918915F0300C8D542 /* OptionsState.h */ = {isa = PBXFileReference; fileEncoding = 4; lastKnownFileType = sourcecode.c.h; path = OptionsState.h; sourceTree = "<group>"; };
		00DF260A18915F0300C8D542 /* StartMenuState.cpp */ = {isa = PBXFileReference; fileEncoding = 4; lastKnownFileType = sourcecode.cpp.cpp; path = StartMenuState.cpp; sourceTree = "<group>"; };
		00DF260B18915F0300C8D542 /* StartMenuState.h */ = {isa = PBXFileReference; fileEncoding = 4; lastKnownFileType = sourcecode.c.h; path = StartMenuState.h; sourceTree = "<group>"; };
		00DF260C18915F0300C8D542 /* State.h */ = {isa = PBXFileReference; fileEncoding = 4; lastKnownFileType = sourcecode.c.h; path = State.h; sourceTree = "<group>"; };
		00DF260D18915F0300C8D542 /* StateManager.cpp */ = {isa = PBXFileReference; fileEncoding = 4; lastKnownFileType = sourcecode.cpp.cpp; path = StateManager.cpp; sourceTree = "<group>"; };
		00DF260E18915F0300C8D542 /* Statemanager.h */ = {isa = PBXFileReference; fileEncoding = 4; lastKnownFileType = sourcecode.c.h; path = Statemanager.h; sourceTree = "<group>"; };
		00DF261418915FBF00C8D542 /* Engine.h */ = {isa = PBXFileReference; lastKnownFileType = sourcecode.c.h; path = Engine.h; sourceTree = "<group>"; };
		00DF26151891610F00C8D542 /* State.cpp */ = {isa = PBXFileReference; fileEncoding = 4; lastKnownFileType = sourcecode.cpp.cpp; path = State.cpp; sourceTree = "<group>"; };
		00DF261718916A2900C8D542 /* Engine.cpp */ = {isa = PBXFileReference; fileEncoding = 4; lastKnownFileType = sourcecode.cpp.cpp; path = Engine.cpp; sourceTree = "<group>"; };
/* End PBXFileReference section */

/* Begin PBXFrameworksBuildPhase section */
		00DF25DA1890183E00C8D542 /* Frameworks */ = {
			isa = PBXFrameworksBuildPhase;
			buildActionMask = 2147483647;
			files = (
				00DF25FE18901A9900C8D542 /* sfml-audio.framework in Frameworks */,
				00DF25FF18901A9900C8D542 /* sfml-graphics.framework in Frameworks */,
				00DF260018901A9900C8D542 /* sfml-network.framework in Frameworks */,
				00DF260118901A9900C8D542 /* sfml-system.framework in Frameworks */,
				00DF260218901A9900C8D542 /* sfml-window.framework in Frameworks */,
				00DF260318901A9900C8D542 /* SFML.framework in Frameworks */,
				00DF25F718901A4F00C8D542 /* CoreFoundation.framework in Frameworks */,
			);
			runOnlyForDeploymentPostprocessing = 0;
		};
/* End PBXFrameworksBuildPhase section */

/* Begin PBXGroup section */
		00DF25D41890183E00C8D542 = {
			isa = PBXGroup;
			children = (
				00DF25F818901A9900C8D542 /* sfml-audio.framework */,
				00DF25F918901A9900C8D542 /* sfml-graphics.framework */,
				00DF25FA18901A9900C8D542 /* sfml-network.framework */,
				00DF25FB18901A9900C8D542 /* sfml-system.framework */,
				00DF25FC18901A9900C8D542 /* sfml-window.framework */,
				00DF25FD18901A9900C8D542 /* SFML.framework */,
				00DF25F618901A4F00C8D542 /* CoreFoundation.framework */,
				00DF25E01890183E00C8D542 /* Escape_V2 */,
				00DF25DF1890183E00C8D542 /* Products */,
			);
			sourceTree = "<group>";
		};
		00DF25DF1890183E00C8D542 /* Products */ = {
			isa = PBXGroup;
			children = (
				00DF25DE1890183E00C8D542 /* Escape_V2.app */,
			);
			name = Products;
			sourceTree = "<group>";
		};
		00DF25E01890183E00C8D542 /* Escape_V2 */ = {
			isa = PBXGroup;
			children = (
				00DF25E61890183E00C8D542 /* main.cpp */,
				00DF260418915F0300C8D542 /* CreditState.cpp */,
				00DF260518915F0300C8D542 /* CreditState.h */,
				00DF260618915F0300C8D542 /* GameState.cpp */,
				00DF260718915F0300C8D542 /* GameState.h */,
				00DF260818915F0300C8D542 /* OptionsState.cpp */,
				00DF260918915F0300C8D542 /* OptionsState.h */,
				00DF260A18915F0300C8D542 /* StartMenuState.cpp */,
				00DF260B18915F0300C8D542 /* StartMenuState.h */,
				00DF26151891610F00C8D542 /* State.cpp */,
				00DF260C18915F0300C8D542 /* State.h */,
				00DF260D18915F0300C8D542 /* StateManager.cpp */,
				00DF260E18915F0300C8D542 /* Statemanager.h */,
				00DF261718916A2900C8D542 /* Engine.cpp */,
				00DF261418915FBF00C8D542 /* Engine.h */,
				00DF25E81890183E00C8D542 /* Resources */,
				00DF25E11890183E00C8D542 /* Supporting Files */,
			);
			path = Escape_V2;
			sourceTree = "<group>";
		};
		00DF25E11890183E00C8D542 /* Supporting Files */ = {
			isa = PBXGroup;
			children = (
				00DF25E21890183E00C8D542 /* Escape_V2-Info.plist */,
			);
			name = "Supporting Files";
			sourceTree = "<group>";
		};
		00DF25E81890183E00C8D542 /* Resources */ = {
			isa = PBXGroup;
			children = (
				00DF25E91890183E00C8D542 /* cute_image.jpg */,
				00DF25EB1890183E00C8D542 /* nice_music.ogg */,
				00DF25ED1890183E00C8D542 /* sansation.ttf */,
				00DF25EF1890183E00C8D542 /* icon.png */,
			);
			name = Resources;
			sourceTree = "<group>";
		};
/* End PBXGroup section */

/* Begin PBXNativeTarget section */
		00DF25DD1890183E00C8D542 /* Escape_V2 */ = {
			isa = PBXNativeTarget;
			buildConfigurationList = 00DF25F31890183E00C8D542 /* Build configuration list for PBXNativeTarget "Escape_V2" */;
			buildPhases = (
				00DF25D91890183E00C8D542 /* Sources */,
				00DF25DA1890183E00C8D542 /* Frameworks */,
				00DF25DB1890183E00C8D542 /* Resources */,
				00DF25DC1890183E00C8D542 /* ShellScript */,
			);
			buildRules = (
			);
			dependencies = (
			);
			name = Escape_V2;
			productName = Escape_V2;
			productReference = 00DF25DE1890183E00C8D542 /* Escape_V2.app */;
			productType = "com.apple.product-type.application";
		};
/* End PBXNativeTarget section */

/* Begin PBXProject section */
		00DF25D51890183E00C8D542 /* Project object */ = {
			isa = PBXProject;
			attributes = {
				LastUpgradeCheck = 0500;
				ORGANIZATIONNAME = "Robin AB";
			};
			buildConfigurationList = 00DF25D81890183E00C8D542 /* Build configuration list for PBXProject "Escape_V2" */;
			compatibilityVersion = "Xcode 3.2";
			developmentRegion = English;
			hasScannedForEncodings = 0;
			knownRegions = (
				en,
			);
			mainGroup = 00DF25D41890183E00C8D542;
			productRefGroup = 00DF25DF1890183E00C8D542 /* Products */;
			projectDirPath = "";
			projectRoot = "";
			targets = (
				00DF25DD1890183E00C8D542 /* Escape_V2 */,
			);
		};
/* End PBXProject section */

/* Begin PBXResourcesBuildPhase section */
		00DF25DB1890183E00C8D542 /* Resources */ = {
			isa = PBXResourcesBuildPhase;
			buildActionMask = 2147483647;
			files = (
				00DF25F01890183E00C8D542 /* icon.png in Resources */,
				00DF25EE1890183E00C8D542 /* sansation.ttf in Resources */,
				00DF25EC1890183E00C8D542 /* nice_music.ogg in Resources */,
				00DF25EA1890183E00C8D542 /* cute_image.jpg in Resources */,
			);
			runOnlyForDeploymentPostprocessing = 0;
		};
/* End PBXResourcesBuildPhase section */

/* Begin PBXShellScriptBuildPhase section */
		00DF25DC1890183E00C8D542 /* ShellScript */ = {
			isa = PBXShellScriptBuildPhase;
			buildActionMask = 2147483647;
			files = (
			);
			inputPaths = (
			);
			outputPaths = (
			);
			runOnlyForDeploymentPostprocessing = 0;
			shellPath = /bin/sh;
			shellScript = "# This shell script simply copies required sfml dylibs/frameworks into the application bundle frameworks folder.\n# If you're using static libraries (which is not recommended) you should remove this script from your project.\n\n# Are we building a project that uses framework or dylibs ?\ncase \"$SFML_BINARY_TYPE\" in\n    DYLIBS)\n        frameworks=\"false\"\n        ;;\n    *)\n        frameworks=\"true\"\n        ;;\nesac\n\n# Echoes to stderr\nerror () # $* message to display\n{\n    echo $* 1>&2\n    exit 2\n}\n\nassert () # $1 is a boolean, $2...N is an error message\n{\n    if [ $# -lt 2 ]\n    then\n        error \"Internal error in assert : not enough args\"\n    fi\n\n    if [ $1 -ne 0 ]\n    then\n        shift\n        error \"$*\"\n    fi\n}\n\nforce_remove () # $1 is a path\n{\n    test $# -eq 1\n    assert $? \"force_remove() requires one parameter\"\n    rm -fr \"$1\"\n    assert $? \"couldn't remove $1\"\n}\n\ncopy () # $1 is a source, $2 is a destination\n{\n    test $# -eq 2\n    assert $? \"copy() requires two parameters\"\n    ditto \"$1\" \"$2\"\n    assert $? \"couldn't copy $1 to $2\"\n}\n\nrequire () # $1 is a SFML module like 'system' or 'audio'\n{\n    dest=\"$BUILT_PRODUCTS_DIR/$PRODUCT_NAME.app/Contents/Frameworks\"\n    \n    if [ -z \"$1\" ]\n    then\n        error \"require() requires one parameter!\"\n    else\n        # clean potentially old stuff\n        force_remove \"$dest/libsfml-$1.2.dylib\"\n        force_remove \"$dest/libsfml-$1-d.2.dylib\"\n        force_remove \"$dest/sfml-$1.framework\"\n    \n        # copy SFML libraries\n        if [ \"$frameworks\" = \"true\" ]\n        then\n            copy \"/Library/Frameworks/sfml-$1.framework\" \"$dest/sfml-$1.framework\"\n        elif [ $CONFIGURATION = \"Debug\" ] && [ $SFML_LINK_DYLIBS_SUFFIX_DEBUG != \"\" ]\n        then\n            copy \"/usr/local/lib/libsfml-$1-d.2.dylib\" \"$dest/libsfml-$1-d.2.dylib\"\n        else\n            copy \"/usr/local/lib/libsfml-$1.2.dylib\" \"$dest/libsfml-$1.2.dylib\"\n        fi\n        \n        if [ \"$1\" = \"audio\" ]\n        then\n            # copy sndfile framework too\n            copy \"/Library/Frameworks/sndfile.framework\" \"$dest/sndfile.framework\"\n        fi\n\n        if [ \"$1\" = \"graphics\" ]\n        then\n            # copy freetype framework too\n            copy \"/Library/Frameworks/freetype.framework\" \"$dest/freetype.framework\"\n        fi\n    fi\n}\n\nif [ -n \"$SFML_SYSTEM\" ]\nthen\n    require \"system\"\nfi\n\nif [ -n \"$SFML_AUDIO\" ]\nthen\n    require \"audio\"\nfi\n\nif [ -n \"$SFML_NETWORK\" ]\nthen\n    require \"network\"\nfi\n\nif [ -n \"$SFML_WINDOW\" ]\nthen\n    require \"window\"\nfi\n\nif [ -n \"$SFML_GRAPHICS\" ]\nthen\n    require \"graphics\"\nfi\n\n                ";
		};
/* End PBXShellScriptBuildPhase section */

/* Begin PBXSourcesBuildPhase section */
		00DF25D91890183E00C8D542 /* Sources */ = {
			isa = PBXSourcesBuildPhase;
			buildActionMask = 2147483647;
			files = (
				00DF261218915F0300C8D542 /* StartMenuState.cpp in Sources */,
				00DF261818916A2900C8D542 /* Engine.cpp in Sources */,
				00DF260F18915F0300C8D542 /* CreditState.cpp in Sources */,
				00DF261018915F0300C8D542 /* GameState.cpp in Sources */,
				00DF261318915F0300C8D542 /* StateManager.cpp in Sources */,
				00DF26161891610F00C8D542 /* State.cpp in Sources */,
				00DF261118915F0300C8D542 /* OptionsState.cpp in Sources */,
				00DF25E71890183E00C8D542 /* main.cpp in Sources */,
			);
			runOnlyForDeploymentPostprocessing = 0;
		};
/* End PBXSourcesBuildPhase section */

/* Begin XCBuildConfiguration section */
		00DF25F11890183E00C8D542 /* Debug */ = {
			isa = XCBuildConfiguration;
			buildSettings = {
				ARCHS = "$(ARCHS_STANDARD_32_64_BIT)";
				CLANG_CXX_LANGUAGE_STANDARD = "c++98";
				CLANG_CXX_LIBRARY = "libstdc++";
				CLANG_WARN_EMPTY_BODY = YES;
				CLANG_WARN__DUPLICATE_METHOD_MATCH = YES;
				FRAMEWORK_SEARCH_PATHS = (
					/Library/Frameworks/,
					"$(inherited)",
				);
				GCC_OPTIMIZATION_LEVEL = 0;
				GCC_PREPROCESSOR_DEFINITIONS = (
					"DEBUG=1",
					"$(inherited)",
				);
				GCC_VERSION = com.apple.compilers.llvm.clang.1_0;
				GCC_WARN_ABOUT_RETURN_TYPE = YES;
				GCC_WARN_UNINITIALIZED_AUTOS = YES;
				GCC_WARN_UNUSED_VARIABLE = YES;
				HEADER_SEARCH_PATHS = (
					/usr/local/include/,
					"$(inherited)",
				);
				LIBRARY_SEARCH_PATHS = (
					/usr/local/lib/,
					"$(inherited)",
				);
				ONLY_ACTIVE_ARCH = NO;
				OTHER_LDFLAGS = (
					"$(inherited)",
					"$(SFML_SYSTEM)",
					"$(SFML_WINDOW)",
					"$(SFML_GRAPHICS)",
					"$(SFML_AUDIO)",
					"$(SFML_NETWORK)",
				);
				SFML_AUDIO = "$(SFML_LINK_PREFIX)sfml-audio$(SFML_LINK_SUFFIX)";
				SFML_BINARY_TYPE = FRAMEWORKS;
				SFML_GRAPHICS = "$(SFML_LINK_PREFIX)sfml-graphics$(SFML_LINK_SUFFIX)";
				SFML_LINK_DYLIBS_PREFIX = "-l";
				SFML_LINK_DYLIBS_SUFFIX = "";
				SFML_LINK_FRAMEWORKS_PREFIX = "-framework ";
				SFML_LINK_FRAMEWORKS_SUFFIX = "";
				SFML_LINK_PREFIX = "$(SFML_LINK_$(SFML_BINARY_TYPE)_PREFIX)";
				SFML_LINK_SUFFIX = "$(SFML_LINK_$(SFML_BINARY_TYPE)_SUFFIX)";
				SFML_NETWORK = "$(SFML_LINK_PREFIX)sfml-network$(SFML_LINK_SUFFIX)";
				SFML_SYSTEM = "$(SFML_LINK_PREFIX)sfml-system$(SFML_LINK_SUFFIX)";
				SFML_WINDOW = "$(SFML_LINK_PREFIX)sfml-window$(SFML_LINK_SUFFIX)";
				SUPPORTED_PLATFORMS = macosx;
			};
			name = Debug;
		};
		00DF25F21890183E00C8D542 /* Release */ = {
			isa = XCBuildConfiguration;
			buildSettings = {
				ARCHS = "$(ARCHS_STANDARD_32_64_BIT)";
				CLANG_CXX_LANGUAGE_STANDARD = "c++98";
				CLANG_CXX_LIBRARY = "libstdc++";
				CLANG_WARN_EMPTY_BODY = YES;
				CLANG_WARN__DUPLICATE_METHOD_MATCH = YES;
				COPY_PHASE_STRIP = YES;
				FRAMEWORK_SEARCH_PATHS = (
					/Library/Frameworks/,
					"$(inherited)",
				);
				GCC_VERSION = com.apple.compilers.llvm.clang.1_0;
				GCC_WARN_ABOUT_RETURN_TYPE = YES;
				GCC_WARN_UNINITIALIZED_AUTOS = YES;
				GCC_WARN_UNUSED_VARIABLE = YES;
				HEADER_SEARCH_PATHS = (
					/usr/local/include/,
					"$(inherited)",
				);
				LIBRARY_SEARCH_PATHS = (
					/usr/local/lib/,
					"$(inherited)",
				);
				ONLY_ACTIVE_ARCH = NO;
				OTHER_LDFLAGS = (
					"$(inherited)",
					"$(SFML_SYSTEM)",
					"$(SFML_WINDOW)",
					"$(SFML_GRAPHICS)",
					"$(SFML_AUDIO)",
					"$(SFML_NETWORK)",
				);
				SFML_AUDIO = "$(SFML_LINK_PREFIX)sfml-audio$(SFML_LINK_SUFFIX)";
				SFML_BINARY_TYPE = FRAMEWORKS;
				SFML_GRAPHICS = "$(SFML_LINK_PREFIX)sfml-graphics$(SFML_LINK_SUFFIX)";
				SFML_LINK_DYLIBS_PREFIX = "-l";
				SFML_LINK_DYLIBS_SUFFIX = "";
				SFML_LINK_FRAMEWORKS_PREFIX = "-framework ";
				SFML_LINK_FRAMEWORKS_SUFFIX = "";
				SFML_LINK_PREFIX = "$(SFML_LINK_$(SFML_BINARY_TYPE)_PREFIX)";
				SFML_LINK_SUFFIX = "$(SFML_LINK_$(SFML_BINARY_TYPE)_SUFFIX)";
				SFML_NETWORK = "$(SFML_LINK_PREFIX)sfml-network$(SFML_LINK_SUFFIX)";
				SFML_SYSTEM = "$(SFML_LINK_PREFIX)sfml-system$(SFML_LINK_SUFFIX)";
				SFML_WINDOW = "$(SFML_LINK_PREFIX)sfml-window$(SFML_LINK_SUFFIX)";
				SUPPORTED_PLATFORMS = macosx;
			};
			name = Release;
		};
		00DF25F41890183E00C8D542 /* Debug */ = {
			isa = XCBuildConfiguration;
			buildSettings = {
				CONFIGURATION_BUILD_DIR = "$(SRCROOT)/$(CONFIGURATION)$(EFFECTIVE_PLATFORM_NAME)";
				FRAMEWORK_SEARCH_PATHS = (
					"$(inherited)",
					"$(LOCAL_LIBRARY_DIR)/Frameworks",
				);
				GCC_VERSION = "";
				INFOPLIST_FILE = "Escape_V2/Escape_V2-Info.plist";
				PRODUCT_NAME = "$(TARGET_NAME)";
			};
			name = Debug;
		};
		00DF25F51890183E00C8D542 /* Release */ = {
			isa = XCBuildConfiguration;
			buildSettings = {
				CONFIGURATION_BUILD_DIR = "$(SRCROOT)/$(CONFIGURATION)$(EFFECTIVE_PLATFORM_NAME)";
				FRAMEWORK_SEARCH_PATHS = (
					"$(inherited)",
					"$(LOCAL_LIBRARY_DIR)/Frameworks",
				);
				GCC_VERSION = "";
				INFOPLIST_FILE = "Escape_V2/Escape_V2-Info.plist";
				PRODUCT_NAME = "$(TARGET_NAME)";
			};
			name = Release;
		};
/* End XCBuildConfiguration section */

/* Begin XCConfigurationList section */
		00DF25D81890183E00C8D542 /* Build configuration list for PBXProject "Escape_V2" */ = {
			isa = XCConfigurationList;
			buildConfigurations = (
				00DF25F11890183E00C8D542 /* Debug */,
				00DF25F21890183E00C8D542 /* Release */,
			);
			defaultConfigurationIsVisible = 0;
			defaultConfigurationName = Release;
		};
		00DF25F31890183E00C8D542 /* Build configuration list for PBXNativeTarget "Escape_V2" */ = {
			isa = XCConfigurationList;
			buildConfigurations = (
				00DF25F41890183E00C8D542 /* Debug */,
				00DF25F51890183E00C8D542 /* Release */,
			);
			defaultConfigurationIsVisible = 0;
			defaultConfigurationName = Release;
		};
/* End XCConfigurationList section */
	};
	rootObject = 00DF25D51890183E00C8D542 /* Project object */;
}
